# This file is generated by running "yarn install" inside your project.
# Manual changes might be lost - proceed with caution!

__metadata:
  version: 8
  cacheKey: 10c0

"@keywordsai/keywordsai-sdk@workspace:.":
  version: 0.0.0-use.local
  resolution: "@keywordsai/keywordsai-sdk@workspace:."
  dependencies:
    "@opentelemetry/api": "npm:^1.9.0"
    "@opentelemetry/core": "npm:^2.0.1"
    "@opentelemetry/sdk-trace-base": "npm:^2.0.1"
    "@types/node": "npm:^22.15.29"
    typescript: "npm:^5.8.3"
    zod: "npm:^4.1.12"
  languageName: unknown
  linkType: soft

"@opentelemetry/api@npm:^1.9.0":
  version: 1.9.0
  resolution: "@opentelemetry/api@npm:1.9.0"
  checksum: 10c0/9aae2fe6e8a3a3eeb6c1fdef78e1939cf05a0f37f8a4fae4d6bf2e09eb1e06f966ece85805626e01ba5fab48072b94f19b835449e58b6d26720ee19a58298add
  languageName: node
  linkType: hard

"@opentelemetry/core@npm:2.0.1, @opentelemetry/core@npm:^2.0.1":
  version: 2.0.1
  resolution: "@opentelemetry/core@npm:2.0.1"
  dependencies:
    "@opentelemetry/semantic-conventions": "npm:^1.29.0"
  peerDependencies:
    "@opentelemetry/api": ">=1.0.0 <1.10.0"
  checksum: 10c0/d587b1289559757d80da98039f9f57612f84f72ec608cd665dc467c7c6c5ce3a987dfcc2c63b521c7c86ce984a2552b3ead15a0dc458de1cf6bde5cdfe4ca9d8
  languageName: node
  linkType: hard

"@opentelemetry/resources@npm:2.0.1":
  version: 2.0.1
  resolution: "@opentelemetry/resources@npm:2.0.1"
  dependencies:
    "@opentelemetry/core": "npm:2.0.1"
    "@opentelemetry/semantic-conventions": "npm:^1.29.0"
  peerDependencies:
    "@opentelemetry/api": ">=1.3.0 <1.10.0"
  checksum: 10c0/96532b7553b26607a7a892d72f6b03ad12bd542dc23c95135a8ae40362da9c883c21a4cff3d2296d9e0e9bd899a5977e325ed52d83142621a8ffe81d08d99341
  languageName: node
  linkType: hard

"@opentelemetry/sdk-trace-base@npm:^2.0.1":
  version: 2.0.1
  resolution: "@opentelemetry/sdk-trace-base@npm:2.0.1"
  dependencies:
    "@opentelemetry/core": "npm:2.0.1"
    "@opentelemetry/resources": "npm:2.0.1"
    "@opentelemetry/semantic-conventions": "npm:^1.29.0"
  peerDependencies:
    "@opentelemetry/api": ">=1.3.0 <1.10.0"
  checksum: 10c0/4e3c733296012b758d007e9c0d8a5b175edbe9a680c73ec75303476e7982b73ad4209f1a2791c1a94c428e5a53eba6c2a72faa430c70336005aa58744d6cb37b
  languageName: node
  linkType: hard

"@opentelemetry/semantic-conventions@npm:^1.29.0":
  version: 1.34.0
  resolution: "@opentelemetry/semantic-conventions@npm:1.34.0"
  checksum: 10c0/a51a32a5cf5c803bd2125a680d0abacbff632f3b255d0fe52379dac191114a0e8d72a34f9c46c5483ccfe91c4061c309f3cf61a19d11347e2a69779e82cfefd0
  languageName: node
  linkType: hard

"@types/node@npm:^22.15.29":
  version: 22.15.32
  resolution: "@types/node@npm:22.15.32"
  dependencies:
    undici-types: "npm:~6.21.0"
  checksum: 10c0/63a2fa52adf1134d1b3bee8b1862d4b8e4550fffc190551068d3d41a41d9e5c0c8f1cb81faa18767b260637360f662115c26c5e4e7718868ead40c4a57cbc0e3
  languageName: node
  linkType: hard

"typescript@npm:^5.8.3":
  version: 5.8.3
  resolution: "typescript@npm:5.8.3"
  bin:
    tsc: bin/tsc
    tsserver: bin/tsserver
  checksum: 10c0/5f8bb01196e542e64d44db3d16ee0e4063ce4f3e3966df6005f2588e86d91c03e1fb131c2581baf0fb65ee79669eea6e161cd448178986587e9f6844446dbb48
  languageName: node
  linkType: hard

"typescript@patch:typescript@npm%3A^5.8.3#optional!builtin<compat/typescript>":
  version: 5.8.3
  resolution: "typescript@patch:typescript@npm%3A5.8.3#optional!builtin<compat/typescript>::version=5.8.3&hash=5786d5"
  bin:
    tsc: bin/tsc
    tsserver: bin/tsserver
  checksum: 10c0/39117e346ff8ebd87ae1510b3a77d5d92dae5a89bde588c747d25da5c146603a99c8ee588c7ef80faaf123d89ed46f6dbd918d534d641083177d5fac38b8a1cb
  languageName: node
  linkType: hard

"undici-types@npm:~6.21.0":
  version: 6.21.0
  resolution: "undici-types@npm:6.21.0"
  checksum: 10c0/c01ed51829b10aa72fc3ce64b747f8e74ae9b60eafa19a7b46ef624403508a54c526ffab06a14a26b3120d055e1104d7abe7c9017e83ced038ea5cf52f8d5e04
  languageName: node
  linkType: hard

"zod@npm:^4.1.12":
  version: 4.1.12
  resolution: "zod@npm:4.1.12"
  checksum: 10c0/b64c1feb19e99d77075261eaf613e0b2be4dfcd3551eff65ad8b4f2a079b61e379854d066f7d447491fcf193f45babd8095551a9d47973d30b46b6d8e2c46774
  languageName: node
  linkType: hard
