# This file is generated by running "yarn install" inside your project.
# Manual changes might be lost - proceed with caution!

__metadata:
  version: 8
  cacheKey: 10c0

"@keywordsai/keywordsai-sdk@npm:^0.0.14":
  version: 0.0.14
  resolution: "@keywordsai/keywordsai-sdk@npm:0.0.14"
  dependencies:
    "@opentelemetry/api": "npm:^1.9.0"
    "@opentelemetry/core": "npm:^2.0.1"
    "@opentelemetry/sdk-trace-base": "npm:^2.0.1"
    typescript: "npm:^5.8.3"
    zod: "npm:^3.25.58"
  checksum: 10c0/d6999f407d4c217014759569203826962a5d69638093c5d38bf8da6d3656d79733fbbaae01544b5bc337a9e824ba315510062b54f06de812313b871716832d87
  languageName: node
  linkType: hard

"@keywordsai/keywordsai-sdk@workspace:.":
  version: 0.0.0-use.local
  resolution: "@keywordsai/keywordsai-sdk@workspace:."
  dependencies:
    "@keywordsai/keywordsai-sdk": "npm:^0.0.14"
  languageName: unknown
  linkType: soft

"@opentelemetry/api@npm:^1.9.0":
  version: 1.9.0
  resolution: "@opentelemetry/api@npm:1.9.0"
  checksum: 10c0/9aae2fe6e8a3a3eeb6c1fdef78e1939cf05a0f37f8a4fae4d6bf2e09eb1e06f966ece85805626e01ba5fab48072b94f19b835449e58b6d26720ee19a58298add
  languageName: node
  linkType: hard

"@opentelemetry/core@npm:2.0.1, @opentelemetry/core@npm:^2.0.1":
  version: 2.0.1
  resolution: "@opentelemetry/core@npm:2.0.1"
  dependencies:
    "@opentelemetry/semantic-conventions": "npm:^1.29.0"
  peerDependencies:
    "@opentelemetry/api": ">=1.0.0 <1.10.0"
  checksum: 10c0/d587b1289559757d80da98039f9f57612f84f72ec608cd665dc467c7c6c5ce3a987dfcc2c63b521c7c86ce984a2552b3ead15a0dc458de1cf6bde5cdfe4ca9d8
  languageName: node
  linkType: hard

"@opentelemetry/resources@npm:2.0.1":
  version: 2.0.1
  resolution: "@opentelemetry/resources@npm:2.0.1"
  dependencies:
    "@opentelemetry/core": "npm:2.0.1"
    "@opentelemetry/semantic-conventions": "npm:^1.29.0"
  peerDependencies:
    "@opentelemetry/api": ">=1.3.0 <1.10.0"
  checksum: 10c0/96532b7553b26607a7a892d72f6b03ad12bd542dc23c95135a8ae40362da9c883c21a4cff3d2296d9e0e9bd899a5977e325ed52d83142621a8ffe81d08d99341
  languageName: node
  linkType: hard

"@opentelemetry/sdk-trace-base@npm:^2.0.1":
  version: 2.0.1
  resolution: "@opentelemetry/sdk-trace-base@npm:2.0.1"
  dependencies:
    "@opentelemetry/core": "npm:2.0.1"
    "@opentelemetry/resources": "npm:2.0.1"
    "@opentelemetry/semantic-conventions": "npm:^1.29.0"
  peerDependencies:
    "@opentelemetry/api": ">=1.3.0 <1.10.0"
  checksum: 10c0/4e3c733296012b758d007e9c0d8a5b175edbe9a680c73ec75303476e7982b73ad4209f1a2791c1a94c428e5a53eba6c2a72faa430c70336005aa58744d6cb37b
  languageName: node
  linkType: hard

"@opentelemetry/semantic-conventions@npm:^1.29.0":
  version: 1.36.0
  resolution: "@opentelemetry/semantic-conventions@npm:1.36.0"
  checksum: 10c0/edc8a6fe3ec4fc0c67ba3a92b86fb3dcc78fe1eb4f19838d8013c3232b9868540a034dd25cfe0afdd5eae752c5f0e9f42272ff46da144a2d5b35c644478e1c62
  languageName: node
  linkType: hard

"typescript@npm:^5.8.3":
  version: 5.9.2
  resolution: "typescript@npm:5.9.2"
  bin:
    tsc: bin/tsc
    tsserver: bin/tsserver
  checksum: 10c0/cd635d50f02d6cf98ed42de2f76289701c1ec587a363369255f01ed15aaf22be0813226bff3c53e99d971f9b540e0b3cc7583dbe05faded49b1b0bed2f638a18
  languageName: node
  linkType: hard

"typescript@patch:typescript@npm%3A^5.8.3#optional!builtin<compat/typescript>":
  version: 5.9.2
  resolution: "typescript@patch:typescript@npm%3A5.9.2#optional!builtin<compat/typescript>::version=5.9.2&hash=5786d5"
  bin:
    tsc: bin/tsc
    tsserver: bin/tsserver
  checksum: 10c0/34d2a8e23eb8e0d1875072064d5e1d9c102e0bdce56a10a25c0b917b8aa9001a9cf5c225df12497e99da107dc379360bc138163c66b55b95f5b105b50578067e
  languageName: node
  linkType: hard

"zod@npm:^3.25.58":
  version: 3.25.76
  resolution: "zod@npm:3.25.76"
  checksum: 10c0/5718ec35e3c40b600316c5b4c5e4976f7fee68151bc8f8d90ec18a469be9571f072e1bbaace10f1e85cf8892ea12d90821b200e980ab46916a6166a4260a983c
  languageName: node
  linkType: hard
