# This file is generated by running "yarn install" inside your project.
# Manual changes might be lost - proceed with caution!

__metadata:
  version: 8
  cacheKey: 10c0

"@keywordsai/exporter-vercel@workspace:.":
  version: 0.0.0-use.local
  resolution: "@keywordsai/exporter-vercel@workspace:."
  dependencies:
    "@keywordsai/keywordsai-sdk": "npm:^0.0.18"
    "@opentelemetry/api": "npm:^1.9.0"
    "@opentelemetry/core": "npm:^2.0.1"
    "@opentelemetry/sdk-trace-base": "npm:^2.0.1"
    "@types/node": "npm:^24.0.1"
  languageName: unknown
  linkType: soft

"@keywordsai/keywordsai-sdk@npm:^0.0.18":
  version: 0.0.18
  resolution: "@keywordsai/keywordsai-sdk@npm:0.0.18"
  dependencies:
    "@opentelemetry/api": "npm:^1.9.0"
    "@opentelemetry/core": "npm:^2.0.1"
    "@opentelemetry/sdk-trace-base": "npm:^2.0.1"
    typescript: "npm:^5.8.3"
    zod: "npm:^4.1.12"
  checksum: 10c0/cdd7273f5df7fcd7b2f310f4143729ed5ecdde407db24d528c93db32b06077ac7016608948e56468f9e6714a8d5980de30edd688d936a7818f37180649e80fc5
  languageName: node
  linkType: hard

"@opentelemetry/api@npm:^1.9.0":
  version: 1.9.0
  resolution: "@opentelemetry/api@npm:1.9.0"
  checksum: 10c0/9aae2fe6e8a3a3eeb6c1fdef78e1939cf05a0f37f8a4fae4d6bf2e09eb1e06f966ece85805626e01ba5fab48072b94f19b835449e58b6d26720ee19a58298add
  languageName: node
  linkType: hard

"@opentelemetry/core@npm:2.0.1, @opentelemetry/core@npm:^2.0.1":
  version: 2.0.1
  resolution: "@opentelemetry/core@npm:2.0.1"
  dependencies:
    "@opentelemetry/semantic-conventions": "npm:^1.29.0"
  peerDependencies:
    "@opentelemetry/api": ">=1.0.0 <1.10.0"
  checksum: 10c0/d587b1289559757d80da98039f9f57612f84f72ec608cd665dc467c7c6c5ce3a987dfcc2c63b521c7c86ce984a2552b3ead15a0dc458de1cf6bde5cdfe4ca9d8
  languageName: node
  linkType: hard

"@opentelemetry/resources@npm:2.0.1":
  version: 2.0.1
  resolution: "@opentelemetry/resources@npm:2.0.1"
  dependencies:
    "@opentelemetry/core": "npm:2.0.1"
    "@opentelemetry/semantic-conventions": "npm:^1.29.0"
  peerDependencies:
    "@opentelemetry/api": ">=1.3.0 <1.10.0"
  checksum: 10c0/96532b7553b26607a7a892d72f6b03ad12bd542dc23c95135a8ae40362da9c883c21a4cff3d2296d9e0e9bd899a5977e325ed52d83142621a8ffe81d08d99341
  languageName: node
  linkType: hard

"@opentelemetry/sdk-trace-base@npm:^2.0.1":
  version: 2.0.1
  resolution: "@opentelemetry/sdk-trace-base@npm:2.0.1"
  dependencies:
    "@opentelemetry/core": "npm:2.0.1"
    "@opentelemetry/resources": "npm:2.0.1"
    "@opentelemetry/semantic-conventions": "npm:^1.29.0"
  peerDependencies:
    "@opentelemetry/api": ">=1.3.0 <1.10.0"
  checksum: 10c0/4e3c733296012b758d007e9c0d8a5b175edbe9a680c73ec75303476e7982b73ad4209f1a2791c1a94c428e5a53eba6c2a72faa430c70336005aa58744d6cb37b
  languageName: node
  linkType: hard

"@opentelemetry/semantic-conventions@npm:^1.29.0":
  version: 1.34.0
  resolution: "@opentelemetry/semantic-conventions@npm:1.34.0"
  checksum: 10c0/a51a32a5cf5c803bd2125a680d0abacbff632f3b255d0fe52379dac191114a0e8d72a34f9c46c5483ccfe91c4061c309f3cf61a19d11347e2a69779e82cfefd0
  languageName: node
  linkType: hard

"@types/node@npm:^24.0.1":
  version: 24.0.1
  resolution: "@types/node@npm:24.0.1"
  dependencies:
    undici-types: "npm:~7.8.0"
  checksum: 10c0/91cd50d1ac32a2172cbc67b65c78391fbd469b24743e3665427aa60bebaf4620cb9ac2e91c09a8081a78d08855c00faca659c287c1725ce8ca5e80ece3a20520
  languageName: node
  linkType: hard

"typescript@npm:^5.8.3":
  version: 5.9.3
  resolution: "typescript@npm:5.9.3"
  bin:
    tsc: bin/tsc
    tsserver: bin/tsserver
  checksum: 10c0/6bd7552ce39f97e711db5aa048f6f9995b53f1c52f7d8667c1abdc1700c68a76a308f579cd309ce6b53646deb4e9a1be7c813a93baaf0a28ccd536a30270e1c5
  languageName: node
  linkType: hard

"typescript@patch:typescript@npm%3A^5.8.3#optional!builtin<compat/typescript>":
  version: 5.9.3
  resolution: "typescript@patch:typescript@npm%3A5.9.3#optional!builtin<compat/typescript>::version=5.9.3&hash=5786d5"
  bin:
    tsc: bin/tsc
    tsserver: bin/tsserver
  checksum: 10c0/ad09fdf7a756814dce65bc60c1657b40d44451346858eea230e10f2e95a289d9183b6e32e5c11e95acc0ccc214b4f36289dcad4bf1886b0adb84d711d336a430
  languageName: node
  linkType: hard

"undici-types@npm:~7.8.0":
  version: 7.8.0
  resolution: "undici-types@npm:7.8.0"
  checksum: 10c0/9d9d246d1dc32f318d46116efe3cfca5a72d4f16828febc1918d94e58f6ffcf39c158aa28bf5b4fc52f410446bc7858f35151367bd7a49f21746cab6497b709b
  languageName: node
  linkType: hard

"zod@npm:^4.1.12":
  version: 4.1.12
  resolution: "zod@npm:4.1.12"
  checksum: 10c0/b64c1feb19e99d77075261eaf613e0b2be4dfcd3551eff65ad8b4f2a079b61e379854d066f7d447491fcf193f45babd8095551a9d47973d30b46b6d8e2c46774
  languageName: node
  linkType: hard
