# This file is generated by running "yarn install" inside your project.
# Manual changes might be lost - proceed with caution!

__metadata:
  version: 8
  cacheKey: 10c0

"@keywordsai/exporter-vercel@npm:^1.0.17, @keywordsai/exporter-vercel@workspace:.":
  version: 0.0.0-use.local
  resolution: "@keywordsai/exporter-vercel@workspace:."
  dependencies:
    "@keywordsai/exporter-vercel": "npm:^1.0.17"
    "@keywordsai/keywordsai-sdk": "npm:^0.0.8"
    "@opentelemetry/api": "npm:^1.9.0"
    "@opentelemetry/core": "npm:^2.0.1"
    "@opentelemetry/sdk-trace-base": "npm:^2.0.1"
    "@types/node": "npm:^24.0.1"
  languageName: unknown
  linkType: soft

"@keywordsai/keywordsai-sdk@npm:^0.0.8":
  version: 0.0.8
  resolution: "@keywordsai/keywordsai-sdk@npm:0.0.8"
  dependencies:
    "@opentelemetry/api": "npm:^1.9.0"
    "@opentelemetry/core": "npm:^2.0.1"
    "@opentelemetry/sdk-trace-base": "npm:^2.0.1"
    zod: "npm:^3.25.58"
  checksum: 10c0/f1f73cd8c7869f173e24c1af9ac9cf0f6239506e00439dc0c4dfda45160a60cfc451d2233332ba1c596b742d17c3f0298f47b3c88756cea12d96ef88267e2396
  languageName: node
  linkType: hard

"@opentelemetry/api@npm:^1.9.0":
  version: 1.9.0
  resolution: "@opentelemetry/api@npm:1.9.0"
  checksum: 10c0/9aae2fe6e8a3a3eeb6c1fdef78e1939cf05a0f37f8a4fae4d6bf2e09eb1e06f966ece85805626e01ba5fab48072b94f19b835449e58b6d26720ee19a58298add
  languageName: node
  linkType: hard

"@opentelemetry/core@npm:2.0.1, @opentelemetry/core@npm:^2.0.1":
  version: 2.0.1
  resolution: "@opentelemetry/core@npm:2.0.1"
  dependencies:
    "@opentelemetry/semantic-conventions": "npm:^1.29.0"
  peerDependencies:
    "@opentelemetry/api": ">=1.0.0 <1.10.0"
  checksum: 10c0/d587b1289559757d80da98039f9f57612f84f72ec608cd665dc467c7c6c5ce3a987dfcc2c63b521c7c86ce984a2552b3ead15a0dc458de1cf6bde5cdfe4ca9d8
  languageName: node
  linkType: hard

"@opentelemetry/resources@npm:2.0.1":
  version: 2.0.1
  resolution: "@opentelemetry/resources@npm:2.0.1"
  dependencies:
    "@opentelemetry/core": "npm:2.0.1"
    "@opentelemetry/semantic-conventions": "npm:^1.29.0"
  peerDependencies:
    "@opentelemetry/api": ">=1.3.0 <1.10.0"
  checksum: 10c0/96532b7553b26607a7a892d72f6b03ad12bd542dc23c95135a8ae40362da9c883c21a4cff3d2296d9e0e9bd899a5977e325ed52d83142621a8ffe81d08d99341
  languageName: node
  linkType: hard

"@opentelemetry/sdk-trace-base@npm:^2.0.1":
  version: 2.0.1
  resolution: "@opentelemetry/sdk-trace-base@npm:2.0.1"
  dependencies:
    "@opentelemetry/core": "npm:2.0.1"
    "@opentelemetry/resources": "npm:2.0.1"
    "@opentelemetry/semantic-conventions": "npm:^1.29.0"
  peerDependencies:
    "@opentelemetry/api": ">=1.3.0 <1.10.0"
  checksum: 10c0/4e3c733296012b758d007e9c0d8a5b175edbe9a680c73ec75303476e7982b73ad4209f1a2791c1a94c428e5a53eba6c2a72faa430c70336005aa58744d6cb37b
  languageName: node
  linkType: hard

"@opentelemetry/semantic-conventions@npm:^1.29.0":
  version: 1.34.0
  resolution: "@opentelemetry/semantic-conventions@npm:1.34.0"
  checksum: 10c0/a51a32a5cf5c803bd2125a680d0abacbff632f3b255d0fe52379dac191114a0e8d72a34f9c46c5483ccfe91c4061c309f3cf61a19d11347e2a69779e82cfefd0
  languageName: node
  linkType: hard

"@types/node@npm:^24.0.1":
  version: 24.0.1
  resolution: "@types/node@npm:24.0.1"
  dependencies:
    undici-types: "npm:~7.8.0"
  checksum: 10c0/91cd50d1ac32a2172cbc67b65c78391fbd469b24743e3665427aa60bebaf4620cb9ac2e91c09a8081a78d08855c00faca659c287c1725ce8ca5e80ece3a20520
  languageName: node
  linkType: hard

"undici-types@npm:~7.8.0":
  version: 7.8.0
  resolution: "undici-types@npm:7.8.0"
  checksum: 10c0/9d9d246d1dc32f318d46116efe3cfca5a72d4f16828febc1918d94e58f6ffcf39c158aa28bf5b4fc52f410446bc7858f35151367bd7a49f21746cab6497b709b
  languageName: node
  linkType: hard

"zod@npm:^3.25.58":
  version: 3.25.63
  resolution: "zod@npm:3.25.63"
  checksum: 10c0/ce09c6ae327a66629e67340856ec19b6b4ba2c28691a2de1e618a5cc717685c2b4e9baa370cf81c34f453fc652733ecfc9a7d5d966570a22472999931abd5ada
  languageName: node
  linkType: hard
